# THIS IS AN AUTOGENERATED FILE. DO NOT EDIT THIS FILE DIRECTLY.
assets/gift-card.scss.liquid:
  development: 2018-07-02T12:44:17-05:00   6e6f0dbd9794d29a482ad2a5827e0fad
assets/ico-select.svg.liquid:
  development: 2018-07-02T12:44:18-05:00   c74a0fed2a628d11ab7ec2363d49b230
assets/icons.eot:
  development: 2018-07-02T12:44:18-05:00   7eb2839bf044d960f7efd930d9b06357
assets/icons.json:
  development: 2018-07-02T12:44:18-05:00   4adf774fd9fd4ab225df30e19f8c5aa5
assets/icons.svg:
  development: 2018-07-02T12:44:18-05:00   d1a78b33b08ed88a025ef0ca76f97726
assets/icons.ttf:
  development: 2018-07-02T12:44:18-05:00   4eeb48c65d115b07fe482c2979827e7c
assets/icons.woff:
  development: 2018-07-02T12:44:18-05:00   781c17bfc10ee1f13594ee6864c6a5ce
assets/jquery-2.2.3.min.js:
  development: 2018-07-02T12:44:18-05:00   33cabfa15c1060aaa3d207c653afb1ee
assets/lazysizes.min.js:
  development: 2018-07-02T12:44:18-05:00   8a017cd822f4299a72a0872b07105cf9
assets/password-page-background.jpg:
  development: 2018-07-02T12:44:19-05:00   4d5821272f875e5c11dd3a8c8e1d6133
assets/theme.js:
  development: 2018-07-02T12:44:19-05:00   53cd7e6101a178a1a25cca49f97dca3b
assets/theme.scss.liquid:
  development: 2018-07-04T10:38:23-05:00   4f855c1f18a44b09ce6ed72b09e6622e
assets/timber.scss.liquid:
  development: 2018-07-24T21:15:55-05:00   2ff58b944b68608cf7f3ef9b0c73238d
config/settings_data.json:
  development: 2018-07-25T16:24:49-05:00   5b1c1b7e09b28f5e47f39f986ca209e3
config/settings_schema.json:
  development: 2018-07-02T12:44:22-05:00   d2e7ba31acf0f12c7c9a8622d706544d
layout/password.liquid:
  development: 2018-07-02T12:44:19-05:00   e506ce97535f355a15074a16e5f57380
layout/theme.liquid:
  development: 2018-07-25T17:45:26-05:00   c9fbd0603c088a6cf0acdd190dd61107
locales/de.json:
  development: 2018-07-02T12:44:19-05:00   9fb8b22310caa225fb38bb2615603616
locales/en.default.json:
  development: 2018-07-02T12:44:19-05:00   bf886ad63ade5e95050eba8202e05ffc
locales/es.json:
  development: 2018-07-02T12:44:19-05:00   40dffc62cfc79c004af3fb0a2525663d
locales/fr.json:
  development: 2018-07-02T12:44:19-05:00   d805a023d0d5005565c7b7f7b63c8ec5
locales/it.json:
  development: 2018-07-02T12:44:19-05:00   e7a732a2e29bb856c4719d374389dc1d
locales/ja.json:
  development: 2018-07-02T12:44:19-05:00   87aabfe9101d1a2cf36858f408eb0c8f
locales/pt-BR.json:
  development: 2018-07-02T12:44:19-05:00   3b272482086a5c29a6eaa75980d3c3da
locales/pt-PT.json:
  development: 2018-07-02T12:44:19-05:00   8075e63fe01dbd2ddb0bbcf6c4684c7c
sections/article-template.liquid:
  development: 2018-07-02T12:44:16-05:00   f1dd5566ff0988ce2f9ff22cee0c6d61
sections/blog-template.liquid:
  development: 2018-07-02T12:44:16-05:00   89961bf2f933d63dc1fafe5df2d0fc8d
sections/cart-template.liquid:
  development: 2018-07-02T12:44:16-05:00   8f9ee09aea8d2fd7e88ca5f535203aa9
sections/collection-list.liquid:
  development: 2018-07-02T12:44:16-05:00   5ce167a04cb4d3216afbe926670ff26b
sections/collection-template.liquid:
  development: 2018-07-02T12:44:16-05:00   793cf91cb9827febf7ae64f907034ecd
sections/custom-html.liquid:
  development: 2018-07-02T12:44:16-05:00   927c0e19d490d39ff4aa5bb9204175c7
sections/feature-row.liquid:
  development: 2018-07-02T12:44:16-05:00   4967e9c13f2efcc76043d8d62be845d1
sections/featured-blog.liquid:
  development: 2018-07-02T12:44:16-05:00   0b3f992f97945db2821e86ff3cc8b3d3
sections/featured-collection.liquid:
  development: 2018-07-02T12:44:16-05:00   1a39a7d60a60a3e25c8d8278b2c2e83d
sections/featured-product.liquid:
  development: 2018-07-02T12:44:16-05:00   31700e62322d7806ea8e3b570fbde607
sections/featured-video.liquid:
  development: 2018-07-02T12:44:16-05:00   6918eb8a870bfac619f6eda21ec37ed7
sections/footer.liquid:
  development: 2018-07-24T21:17:05-05:00   991cc5fd54afa8e7246eb780725af9b9
sections/gallery.liquid:
  development: 2018-07-02T12:44:16-05:00   7f80796f0eb998f4a032a1ca450b1cf2
sections/header.liquid:
  development: 2018-07-25T09:54:17-05:00   dd9025bf2b7204be73c4b68a40be2705
sections/list-collections-template.liquid:
  development: 2018-07-02T12:44:17-05:00   b218836835163883f8006e98f64831ca
sections/map.liquid:
  development: 2018-07-02T12:44:17-05:00   f464ec68aa7b9d0c7df87d09f8b4fd12
sections/newsletter.liquid:
  development: 2018-07-02T12:44:17-05:00   a25f740bf1d74f3e2161e39e8ea2e13c
sections/password-content.liquid:
  development: 2018-07-02T12:44:17-05:00   efdf69abf68ab90cc859d693f6c31e58
sections/password-header.liquid:
  development: 2018-07-02T12:44:17-05:00   139dbe1b79b652043852cc73731d43e4
sections/product-template.liquid:
  development: 2018-07-02T12:44:17-05:00   f57bb823e94f2fc85cd0c050e963a93b
sections/rich-text.liquid:
  development: 2018-07-02T12:44:17-05:00   408f02185ca5329eb1a670cf19ea4089
sections/slider.liquid:
  development: 2018-07-02T12:44:17-05:00   29838de632da1efa369434d77259fa22
snippets/bgset.liquid:
  development: 2018-07-02T12:44:19-05:00   85889bbc39b57621f32fad66317366fc
snippets/blog-sidebar.liquid:
  development: 2018-07-02T12:44:19-05:00   db140aa96a5ee2e764d31483dd00168f
snippets/breadcrumb.liquid:
  development: 2018-07-02T12:44:19-05:00   7324fcf352fc0ce7d179877eeca50338
snippets/collection-grid-item.liquid:
  development: 2018-07-02T12:44:20-05:00   db7580d38bac3c09881c71dac5b5fea1
snippets/collection-sorting.liquid:
  development: 2018-07-02T12:44:20-05:00   3d2648af8d497870a7036250f62a7823
snippets/collection-tags.liquid:
  development: 2018-07-02T12:44:20-05:00   46029eea21893fe5add28a5547b3d35b
snippets/comment.liquid:
  development: 2018-07-02T12:44:20-05:00   35e507f92f779b5a74b68d9699051d53
snippets/featured-blog.liquid:
  development: 2018-07-02T12:44:20-05:00   e6bbd2c8902921c6ce79e37c8d0bdc90
snippets/image-style.liquid:
  development: 2018-07-02T12:44:20-05:00   264848e1c5a44d2f3f3feeb6edb0901c
snippets/mobile-nav-icons.liquid:
  development: 2018-07-02T12:44:20-05:00   47770a15391de08bb1523ad7cb8df819
snippets/mobile-nav.liquid:
  development: 2018-07-02T12:44:20-05:00   c0540f297a364c6efc186233be1d458c
snippets/newsletter-form.liquid:
  development: 2018-07-02T12:44:20-05:00   4e93b8617cdaba1a329a9e00618008b6
snippets/oldIE-js.liquid:
  development: 2018-07-02T12:44:20-05:00   2306140093c313ce59e221877aab9078
snippets/onboarding-featured-blog.liquid:
  development: 2018-07-02T12:44:20-05:00   9f64f9f3d710b57c959341e6293d0dd3
snippets/pagination-custom.liquid:
  development: 2018-07-02T12:44:20-05:00   13a718c4d2a26a6c5b0a4088feffcdee
snippets/product-grid-item.liquid:
  development: 2018-07-02T12:44:20-05:00   c6d04fa50c80dcfa75ba4570139eda64
snippets/related-products.liquid:
  development: 2018-07-02T12:44:20-05:00   f226f17d078871c7321c506d6f04b71f
snippets/search-bar.liquid:
  development: 2018-07-25T09:49:26-05:00   25e42f59cfe3a794dcdafb2a41441a49
snippets/search-result-grid.liquid:
  development: 2018-07-02T12:44:20-05:00   171b4d97c70e52ad295864f1f00d1a56
snippets/search-result.liquid:
  development: 2018-07-02T12:44:20-05:00   9b179e5178ee9bfb5e085999dfb27219
snippets/site-nav.liquid:
  development: 2018-07-02T12:44:20-05:00   4212329d445fd8219f5e16541ac05f8d
snippets/social-links.liquid:
  development: 2018-07-25T09:46:17-05:00   e92e54bbfdbf034a44a15fa0591fdce0
snippets/social-meta-tags.liquid:
  development: 2018-07-02T12:44:20-05:00   ae9e213401623b2601abf0ace8e21537
snippets/social-sharing.liquid:
  development: 2018-07-02T12:44:20-05:00   50728986de2370a746cdaa2d7497eb10
snippets/svg-definitions.liquid:
  development: 2018-07-02T12:44:21-05:00   fe4fbc64d534e355fd8653de4ebac79a
snippets/tags-article.liquid:
  development: 2018-07-02T12:44:21-05:00   20bac49751d1b57826250dd05fdba854
templates/404.liquid:
  development: 2018-07-02T12:44:21-05:00   a345bd048463d3bb245873ed26a41a98
templates/article.liquid:
  development: 2018-07-02T12:44:21-05:00   5daa05ec94a09e61c83de1fdda71d460
templates/blog.liquid:
  development: 2018-07-02T12:44:21-05:00   2d9763b480fe6879080163b1e0e33e54
templates/cart.liquid:
  development: 2018-07-02T12:44:21-05:00   bba3c715f8c51f0520b3bd1a49ca90dc
templates/collection.liquid:
  development: 2018-07-02T12:44:21-05:00   dbc96efd23c46d39aa0870904e5ffb76
templates/customers/account.liquid:
  development: 2018-07-02T12:44:21-05:00   a6965fad5d37ba0893a8cb291793ce33
templates/customers/activate_account.liquid:
  development: 2018-07-02T12:44:21-05:00   d3c61f507959bd61a133d4d7db22daea
templates/customers/addresses.liquid:
  development: 2018-07-02T12:44:21-05:00   66542340479597c17a002b19b448a350
templates/customers/login.liquid:
  development: 2018-07-02T12:44:21-05:00   2924330d47e28ff885ab9fab64de7ffb
templates/customers/order.liquid:
  development: 2018-07-02T12:44:21-05:00   c3b048af43b566743eadeeba33a15740
templates/customers/register.liquid:
  development: 2018-07-02T12:44:21-05:00   a867faa8369db6f6043803d8db367195
templates/customers/reset_password.liquid:
  development: 2018-07-02T12:44:21-05:00   34c6b26b205551a90f08f2dca7519550
templates/gift_card.liquid:
  development: 2018-07-02T12:44:21-05:00   7bb06f36fcdf16f056478e54ab831b04
templates/index.liquid:
  development: 2018-07-02T12:44:21-05:00   56b51b6f96394db4b17c64b43e1c0010
templates/list-collections.liquid:
  development: 2018-07-02T12:44:21-05:00   eabed71f62563b929b8da83a4aeacbfb
templates/page.contact.liquid:
  development: 2018-07-02T12:44:21-05:00   66f8544941ec97c56348164eb3a7a245
templates/page.full-width-no-heading.liquid:
  development: 2018-07-02T12:44:21-05:00   69d6b589c5ec6e8299088c5624c195fa
templates/page.full-width.liquid:
  development: 2018-07-02T12:44:21-05:00   70e6db67acbee100359ac565a1cc4fbf
templates/page.liquid:
  development: 2018-07-02T12:44:21-05:00   920ebc6f5bbe5203ece5b8a6b1e66488
templates/page.no-heading.liquid:
  development: 2018-07-02T12:44:21-05:00   1217ebf3d69892fe813368050dfa6629
templates/password.liquid:
  development: 2018-07-02T12:44:22-05:00   27c20529a5fa11780bc067f4f5c7cc9d
templates/product.liquid:
  development: 2018-07-02T12:44:22-05:00   7a6baccf94cff7809eba07c74974cc11
templates/search.liquid:
  development: 2018-07-02T12:44:22-05:00   8fbd81f129d4a0e8e9755047e6973d9a
